version = 1
revision = 3
requires-python = "==3.12.*"

[[package]]
name = "amulet-mutf8"
version = "1.0.7"
source = { registry = "https://pypi.org/simple" }
sdist = { url = "https://files.pythonhosted.org/packages/30/0c/b49bed3ea8ccfc9956d76c422d31ba1bfaf4a0320e6ea9e02dac91f64869/amulet_mutf8-1.0.7.tar.gz", hash = "sha256:7e45b1bdfdc33e3bcd8e986956de7a5a404a631937ffb45b87c686b61614bf7f", size = 8915, upload-time = "2026-04-10T07:36:15.689Z" }
wheels = [
    { url = "https://files.pythonhosted.org/packages/bf/2a/2253016a16d2163750cffb23ffdfc681f4e336e2428bdd5222cd9464eee7/amulet_mutf8-1.0.7-cp312-cp312-macosx_10_13_universal2.whl", hash = "sha256:6f77d1cc18525e23f8e1a21e4676d32bee9f4dcbc8c6ddc4d2195380d8e9fc1a", size = 12718, upload-time = "2026-04-10T07:36:18.116Z" },
    { url = "https://files.pythonhosted.org/packages/a5/a1/78ce6c14d235ce773a5b81ae82eb9a314ae751da55d755c35b65a68725fd/amulet_mutf8-1.0.7-cp312-cp312-win_amd64.whl", hash = "sha256:ac0d9c19408bf9803de9ad402c53f9b4192d4a19c8d4053ca23239162998f5f5", size = 11891, upload-time = "2026-04-10T07:36:42.651Z" },
    { url = "https://files.pythonhosted.org/packages/91/c5/89b85170f91837b68cd5567379b37d59fc0fe0e806c15de1ca1e9b677b23/amulet_mutf8-1.0.7-cp312-cp312-win_arm64.whl", hash = "sha256:c09fb701d6c7c3679c1696dbde29f821a53091a2bf6082a61ea64ea2b5cacac1", size = 10759, upload-time = "2026-04-10T07:36:44.988Z" },
]

[[package]]
name = "amulet-nbt"
version = "2.1.8"
source = { registry = "https://pypi.org/simple" }
dependencies = [
    { name = "amulet-mutf8" },
    { name = "numpy" },
]
sdist = { url = "https://files.pythonhosted.org/packages/e7/f5/1de8c82e800c042f57e8b0c781cfec51fc771a157b339700202f6054dbe8/amulet_nbt-2.1.8.tar.gz", hash = "sha256:c1a2c7b456bf872149cc070fce5615563818df15cc5c63cb6a6daa05a526c0b3", size = 1481339, upload-time = "2026-04-10T08:22:34.317Z" }
wheels = [
    { url = "https://files.pythonhosted.org/packages/e5/91/25002d2954c488b689c95bda464e803d5178382245d0ac6c5d559d9dab39/amulet_nbt-2.1.8-cp312-cp312-macosx_10_13_universal2.whl", hash = "sha256:e1e274fe60f37fe8678dc1fbb5b8494b8492909eb085d688f192ccf2e9314e52", size = 1471006, upload-time = "2026-04-10T08:23:49.141Z" },
    { url = "https://files.pythonhosted.org/packages/db/05/a6b13d5496701e34ead4fec413706068d2bac311f3055c5d4093da34b6ec/amulet_nbt-2.1.8-cp312-cp312-win_amd64.whl", hash = "sha256:72b8db889eb94cf9955681174c4501ff4c40c785a9e7e6555924fd2fe92d6efa", size = 632449, upload-time = "2026-04-10T08:23:19.035Z" },
    { url = "https://files.pythonhosted.org/packages/ce/f0/6ddac6fa08c21c27adbcd4fefe9fe1b623253103d7c31e0b299234ad871d/amulet_nbt-2.1.8-cp312-cp312-win_arm64.whl", hash = "sha256:4e4fa7299fce204c7b60e3e25fc2236c6fa4f9960a63ffc82dcf130daab7cf27", size = 521785, upload-time = "2026-04-10T08:25:10.396Z" },
]

[[package]]
name = "computercraft-tools"
version = "0.1.0"
source = { virtual = "." }

[package.optional-dependencies]
schematics = [
    { name = "amulet-nbt" },
]

[package.metadata]
requires-dist = [{ name = "amulet-nbt", marker = "extra == 'schematics'", specifier = "==2.1.8" }]
provides-extras = ["schematics"]

[[package]]
name = "numpy"
version = "1.26.4"
source = { registry = "https://pypi.org/simple" }
sdist = { url = "https://files.pythonhosted.org/packages/65/6e/09db70a523a96d25e115e71cc56a6f9031e7b8cd166c1ac8438307c14058/numpy-1.26.4.tar.gz", hash = "sha256:2a02aba9ed12e4ac4eb3ea9421c420301a0c6460d9830d74a9df87efa4912010", size = 15786129, upload-time = "2024-02-06T00:26:44.495Z" }
wheels = [
    { url = "https://files.pythonhosted.org/packages/95/12/8f2020a8e8b8383ac0177dc9570aad031a3beb12e38847f7129bacd96228/numpy-1.26.4-cp312-cp312-macosx_10_9_x86_64.whl", hash = "sha256:b3ce300f3644fb06443ee2222c2201dd3a89ea6040541412b8fa189341847218", size = 20335901, upload-time = "2024-02-05T23:55:32.801Z" },
    { url = "https://files.pythonhosted.org/packages/75/5b/ca6c8bd14007e5ca171c7c03102d17b4f4e0ceb53957e8c44343a9546dcc/numpy-1.26.4-cp312-cp312-macosx_11_0_arm64.whl", hash = "sha256:03a8c78d01d9781b28a6989f6fa1bb2c4f2d51201cf99d3dd875df6fbd96b23b", size = 13685868, upload-time = "2024-02-05T23:55:56.28Z" },
    { url = "https://files.pythonhosted.org/packages/79/f8/97f10e6755e2a7d027ca783f63044d5b1bc1ae7acb12afe6a9b4286eac17/numpy-1.26.4-cp312-cp312-manylinux_2_17_aarch64.manylinux2014_aarch64.whl", hash = "sha256:9fad7dcb1aac3c7f0584a5a8133e3a43eeb2fe127f47e3632d43d677c66c102b", size = 13925109, upload-time = "2024-02-05T23:56:20.368Z" },
    { url = "https://files.pythonhosted.org/packages/0f/50/de23fde84e45f5c4fda2488c759b69990fd4512387a8632860f3ac9cd225/numpy-1.26.4-cp312-cp312-manylinux_2_17_x86_64.manylinux2014_x86_64.whl", hash = "sha256:675d61ffbfa78604709862923189bad94014bef562cc35cf61d3a07bba02a7ed", size = 17950613, upload-time = "2024-02-05T23:56:56.054Z" },
    { url = "https://files.pythonhosted.org/packages/4c/0c/9c603826b6465e82591e05ca230dfc13376da512b25ccd0894709b054ed0/numpy-1.26.4-cp312-cp312-musllinux_1_1_aarch64.whl", hash = "sha256:ab47dbe5cc8210f55aa58e4805fe224dac469cde56b9f731a4c098b91917159a", size = 13572172, upload-time = "2024-02-05T23:57:21.56Z" },
    { url = "https://files.pythonhosted.org/packages/76/8c/2ba3902e1a0fc1c74962ea9bb33a534bb05984ad7ff9515bf8d07527cadd/numpy-1.26.4-cp312-cp312-musllinux_1_1_x86_64.whl", hash = "sha256:1dda2e7b4ec9dd512f84935c5f126c8bd8b9f2fc001e9f54af255e8c5f16b0e0", size = 17786643, upload-time = "2024-02-05T23:57:56.585Z" },
    { url = "https://files.pythonhosted.org/packages/28/4a/46d9e65106879492374999e76eb85f87b15328e06bd1550668f79f7b18c6/numpy-1.26.4-cp312-cp312-win32.whl", hash = "sha256:50193e430acfc1346175fcbdaa28ffec49947a06918b7b92130744e81e640110", size = 5677803, upload-time = "2024-02-05T23:58:08.963Z" },
    { url = "https://files.pythonhosted.org/packages/16/2e/86f24451c2d530c88daf997cb8d6ac622c1d40d19f5a031ed68a4b73a374/numpy-1.26.4-cp312-cp312-win_amd64.whl", hash = "sha256:08beddf13648eb95f8d867350f6a018a4be2e5ad54c8d8caed89ebca558b2818", size = 15517754, upload-time = "2024-02-05T23:58:36.364Z" },
]
